github.com/google/uuid v1.6.0 h1:NIvaJDMOsjHA8n1jAhLSgzrAzy1Hgr+hNrb57e+94F0=
github.com/google/uuid v1.6.0/go.mod h1:TIyPZe4MgqvfeYDBFedMoGGpEw/LqOeaOT+nhxU+yHo=
github.com/jinzhu/inflection v1.0.0 h1:K317FqzuhWc8YvSVlFMCCUb36O/S9MCKRDI7QkRKD/E=
github.com/jinzhu/inflection v1.0.0/go.mod h1:h+uFLlag+Qp1Va5pdKtLDYj+kHp5pxUVkryuEj+Srlc=
github.com/jinzhu/now v1.1.5 h1:/o9tlHleP7gOFmsnYNz3RGnqzefHA47wQpKrrdTIwXQ=
github.com/jinzhu/now v1.1.5/go.mod h1:d3SSVoowX0Lcu0IBviAWJpolVfI5UJVZZ7cO71lE/z8=
github.com/joho/godotenv v1.5.1 h1:7eLL/+HRGLY0ldzfGMeQkb7vMd0as4CfYvUVzLqw0N0=
github.com/joho/godotenv v1.5.1/go.mod h1:f4LDr5Voq0i2e/R5DDNOoa2zzDfwtkZa6DnEwAbqwq4=
github.com/mattn/go-sqlite3 v1.14.23 h1:gbShiuAP1W5j9UOksQ06aiiqPMxYecovVGwmTxWtuw0=
github.com/mattn/go-sqlite3 v1.14.23/go.mod h1:Uh1q+B4BYcTPb+yiD3kU8Ct7aC0hY9fxUwlHK0RXw+Y=
github.com/rabbitmq/amqp091-go v1.10.0 h1:STpn5XsHlHGcecLmMFCtg7mqq0RnD+zFr4uzukfVhBw=
github.com/rabbitmq/amqp091-go v1.10.0/go.mod h1:Hy4jKW5kQART1u+JkDTF9YYOQUHXqMuhrgxOEeS7G4o=
github.com/spyrosmoux/api v0.0.0-20240922145257-65fe106bf4d0 h1:zJOCIZxIbC2enEe9OHwZyfSpro5tlt1HDylduUoFqKk=
github.com/spyrosmoux/api v0.0.0-20240922145257-65fe106bf4d0/go.mod h1:+XU6VHHS+vlOuh8FnAXSfzkYZvD0Vy7q14RctLXX/os=
github.com/spyrosmoux/api v0.0.0-20240928185246-a1c82a8e01b1 h1:w46uSgPfdesMfrAqeyi1LbBJ8TQV5w+yGMkSnspfg4M=
github.com/spyrosmoux/api v0.0.0-20240928185246-a1c82a8e01b1/go.mod h1:+XU6VHHS+vlOuh8FnAXSfzkYZvD0Vy7q14RctLXX/os=
github.com/spyrosmoux/api v0.0.0-20240928185830-5d7093cedfa6 h1:EDxWeir9tt/rxmdPoaKOqEMwj0Btw6bY6VTqgrWgUnA=
github.com/spyrosmoux/api v0.0.0-20240928185830-5d7093cedfa6/go.mod h1:+XU6VHHS+vlOuh8FnAXSfzkYZvD0Vy7q14RctLXX/os=
github.com/spyrosmoux/api v0.0.0-20240928192808-27c4189e1a1c h1:rONbh6HwJnOSQahG2EWQlOGERufb2ETCkO/2HaK9ub4=
github.com/spyrosmoux/api v0.0.0-20240928192808-27c4189e1a1c/go.mod h1:+XU6VHHS+vlOuh8FnAXSfzkYZvD0Vy7q14RctLXX/os=
github.com/spyrosmoux/api v0.0.0-20240928200200-4d97a889594e h1:eKU4+wV3bB0ILmLs246fPOhr51JKYugwMQLYSC1C6Uc=
github.com/spyrosmoux/api v0.0.0-20240928200200-4d97a889594e/go.mod h1:+XU6VHHS+vlOuh8FnAXSfzkYZvD0Vy7q14RctLXX/os=
github.com/spyrosmoux/api v0.0.0-20240928200602-6bc56bf4fa38 h1:UdZmSJIy3nnqzNAW05YlMXfhOO6oYva3miXpt4yULVc=
github.com/spyrosmoux/api v0.0.0-20240928200602-6bc56bf4fa38/go.mod h1:+XU6VHHS+vlOuh8FnAXSfzkYZvD0Vy7q14RctLXX/os=
go.uber.org/goleak v1.3.0 h1:2K3zAYmnTNqV73imy9J1T3WC+gmCePx2hEGkimedGto=
go.uber.org/goleak v1.3.0/go.mod h1:CoHD4mav9JJNrW/WLlf7HGZPjdw8EucARQHekz1X6bE=
golang.org/x/text v0.18.0 h1:XvMDiNzPAl0jr17s6W9lcaIhGUfUORdGCNsuLmPG224=
golang.org/x/text v0.18.0/go.mod h1:BuEKDfySbSR4drPmRPG/7iBdf8hvFMuRexcpahXilzY=
gopkg.in/check.v1 v0.0.0-20161208181325-20d25e280405 h1:yhCVgyC4o1eVCa2tZl7eS0r+SDo693bJlVdllGtEeKM=
gopkg.in/check.v1 v0.0.0-20161208181325-20d25e280405/go.mod h1:Co6ibVJAznAaIkqp8huTwlJQCZ016jof/cbN4VW5Yz0=
gopkg.in/yaml.v2 v2.4.0 h1:D8xgwECY7CYvx+Y2n4sBz93Jn9JRvxdiyyo8CTfuKaY=
gopkg.in/yaml.v2 v2.4.0/go.mod h1:RDklbk79AGWmwhnvt/jBztapEOGDOx6ZbXqjP6csGnQ=
gorm.io/driver/sqlite v1.5.6 h1:fO/X46qn5NUEEOZtnjJRWRzZMe8nqJiQ9E+0hi+hKQE=
gorm.io/driver/sqlite v1.5.6/go.mod h1:U+J8craQU6Fzkcvu8oLeAQmi50TkwPEhHDEjQZXDah4=
gorm.io/gorm v1.25.12 h1:I0u8i2hWQItBq1WfE0o2+WuL9+8L21K9e2HHSTE/0f8=
gorm.io/gorm v1.25.12/go.mod h1:xh7N7RHfYlNc5EmcI/El95gXusucDrQnHXe0+CgWcLQ=
